
Microsoft Visual Studio Solution File, Format Version 12.00
# Visual Studio Version 16
VisualStudioVersion = 16.0.30621.155
MinimumVisualStudioVersion = 10.0.40219.1
Project("{FAE04EC0-301F-11D3-BF4B-00C04F79EFBC}") = "NetCore.Web", "NetCore.Web\NetCore.Web.csproj", "{48AF52F2-9D4E-4B19-B929-C3941F77C3A6}"
EndProject
Global
	GlobalSection(SolutionConfigurationPlatforms) = preSolution
		Debug|Any CPU = Debug|Any CPU
		Release|Any CPU = Release|Any CPU
	EndGlobalSection
	GlobalSection(ProjectConfigurationPlatforms) = postSolution
		{48AF52F2-9D4E-4B19-B929-C3941F77C3A6}.Debug|Any CPU.ActiveCfg = Debug|Any CPU
		{48AF52F2-9D4E-4B19-B929-C3941F77C3A6}.Debug|Any CPU.Build.0 = Debug|Any CPU
		{48AF52F2-9D4E-4B19-B929-C3941F77C3A6}.Release|Any CPU.ActiveCfg = Release|Any CPU
		{48AF52F2-9D4E-4B19-B929-C3941F77C3A6}.Release|Any CPU.Build.0 = Release|Any CPU
	EndGlobalSection
	GlobalSection(SolutionProperties) = preSolution
		HideSolutionNode = FALSE
	EndGlobalSection
	GlobalSection(ExtensibilityGlobals) = postSolution
		SolutionGuid = {272A398F-05CE-4A4F-AF64-947A40086954}
	EndGlobalSection
EndGlobal
